schema: '2.0'
stages:
  mlflow_initiate_run:
    cmd: python -m src.mlflow_initiate_run_id
    deps:
    - path: src/config.py
      hash: md5
      md5: da1ace735f5f04e387fc97090f9a0e39
      size: 746
    - path: src/mlflow_initiate_run_id.py
      hash: md5
      md5: 93006ec646d574003cf52a5eff16e4fa
      size: 508
    outs:
    - path: mlfow_run_id.txt
      hash: md5
      md5: f49e99d224ca04827036f2c27ce53921
      size: 32
  data_ingestion:
    cmd: python -m src.data.data_ingestion
    deps:
    - path: mlfow_run_id.txt
      hash: md5
      md5: f49e99d224ca04827036f2c27ce53921
      size: 32
    - path: src/config.py
      hash: md5
      md5: da1ace735f5f04e387fc97090f9a0e39
      size: 746
    - path: src/data/data_ingestion.py
      hash: md5
      md5: 4c5e0314bb6abd3f0bbf0f7ef5634eef
      size: 1271
    - path: src/mlflow_run_id_fetch_helper.py
      hash: md5
      md5: 85a746bf40c1e58bea65a99e9533701a
      size: 177
    outs:
    - path: data/raw
      hash: md5
      md5: d8fffb2663887a8d820b9040e6ce4c7c.dir
      size: 1097776
      nfiles: 2
  data_preprocessing:
    cmd: python -m src.preprocessing.data_preprocessing
    deps:
    - path: data/raw
      hash: md5
      md5: d8fffb2663887a8d820b9040e6ce4c7c.dir
      size: 1097776
      nfiles: 2
    - path: mlfow_run_id.txt
      hash: md5
      md5: f49e99d224ca04827036f2c27ce53921
      size: 32
    - path: src/config.py
      hash: md5
      md5: da1ace735f5f04e387fc97090f9a0e39
      size: 746
    - path: src/mlflow_run_id_fetch_helper.py
      hash: md5
      md5: 85a746bf40c1e58bea65a99e9533701a
      size: 177
    - path: src/preprocessing/data_preprocessing.py
      hash: md5
      md5: 9474cce5b7a845842a2fc7d5d8b846e9
      size: 3077
    outs:
    - path: data/processed
      hash: md5
      md5: 9ee6e4b6e9310d85b817416fb8eed676.dir
      size: 734038
      nfiles: 2
  feature_engineering:
    cmd: python -m src.features.feature_engineering
    deps:
    - path: data/processed
      hash: md5
      md5: 9ee6e4b6e9310d85b817416fb8eed676.dir
      size: 734038
      nfiles: 2
    - path: mlfow_run_id.txt
      hash: md5
      md5: f49e99d224ca04827036f2c27ce53921
      size: 32
    - path: src/config.py
      hash: md5
      md5: da1ace735f5f04e387fc97090f9a0e39
      size: 746
    - path: src/features/feature_engineering.py
      hash: md5
      md5: 23da1d277a37965fd7e6b804ba9a78a2
      size: 1896
    - path: src/mlflow_run_id_fetch_helper.py
      hash: md5
      md5: 85a746bf40c1e58bea65a99e9533701a
      size: 177
    outs:
    - path: data/interim
      hash: md5
      md5: 7b8908823902ba09ab74b9f3f77e1de3.dir
      size: 858486
      nfiles: 2
  model_building:
    cmd: python -m src.model.model_building
    deps:
    - path: data/interim
      hash: md5
      md5: 7b8908823902ba09ab74b9f3f77e1de3.dir
      size: 858486
      nfiles: 2
    - path: mlfow_run_id.txt
      hash: md5
      md5: f49e99d224ca04827036f2c27ce53921
      size: 32
    - path: src/config.py
      hash: md5
      md5: da1ace735f5f04e387fc97090f9a0e39
      size: 746
    - path: src/mlflow_run_id_fetch_helper.py
      hash: md5
      md5: 85a746bf40c1e58bea65a99e9533701a
      size: 177
    - path: src/model/model_building.py
      hash: md5
      md5: bf2261ceab23209ea4865919076a7dad
      size: 1496
    outs:
    - path: models
      hash: md5
      md5: d84c6b1b769736f874f4d7a1990dc694.dir
      size: 20455
      nfiles: 1
  model_evaluation:
    cmd: python -m src.model.model_evaluation
    deps:
    - path: data/interim
      hash: md5
      md5: 7b8908823902ba09ab74b9f3f77e1de3.dir
      size: 858486
      nfiles: 2
    - path: mlfow_run_id.txt
      hash: md5
      md5: f49e99d224ca04827036f2c27ce53921
      size: 32
    - path: models
      hash: md5
      md5: d84c6b1b769736f874f4d7a1990dc694.dir
      size: 20455
      nfiles: 1
    - path: src/config.py
      hash: md5
      md5: da1ace735f5f04e387fc97090f9a0e39
      size: 746
    - path: src/mlflow_run_id_fetch_helper.py
      hash: md5
      md5: 85a746bf40c1e58bea65a99e9533701a
      size: 177
    - path: src/model/model_evaluation.py
      hash: md5
      md5: 31be3008b7a29149777a1c7b0f2039ab
      size: 1568
    outs:
    - path: reports
      hash: md5
      md5: 56ce12afcd435c4e8c7058b2166d1255.dir
      size: 145
      nfiles: 1
