schema: '2.0'
stages:
  mlflow_initiate_run:
    cmd: python -m src.mlflow_initiate_run_id
    deps:
    - path: src/config.py
      hash: md5
      md5: 7c75e0b3fa02ba9af11a8aaa02370071
      size: 746
    - path: src/mlflow_initiate_run_id.py
      hash: md5
      md5: 93006ec646d574003cf52a5eff16e4fa
      size: 508
    outs:
    - path: mlfow_run_id.txt
      hash: md5
      md5: 1efb5efd006650fa069dffc9e997163f
      size: 32
  data_ingestion:
    cmd: python -m src.data.data_ingestion
    deps:
    - path: mlfow_run_id.txt
      hash: md5
      md5: 1efb5efd006650fa069dffc9e997163f
      size: 32
    - path: src/config.py
      hash: md5
      md5: 7c75e0b3fa02ba9af11a8aaa02370071
      size: 746
    - path: src/data/data_ingestion.py
      hash: md5
      md5: 6a0d577994a77bf8bed8fe48ea260276
      size: 1275
    - path: src/mlflow_run_id_fetch_helper.py
      hash: md5
      md5: 85a746bf40c1e58bea65a99e9533701a
      size: 177
    outs:
    - path: data/raw
      hash: md5
      md5: f3154e78b81bd3146418d95adfe640e8.dir
      size: 1006158
      nfiles: 2
  data_preprocessing:
    cmd: python -m src.preprocessing.data_preprocessing
    deps:
    - path: data/raw
      hash: md5
      md5: f3154e78b81bd3146418d95adfe640e8.dir
      size: 1006158
      nfiles: 2
    - path: mlfow_run_id.txt
      hash: md5
      md5: 1efb5efd006650fa069dffc9e997163f
      size: 32
    - path: src/config.py
      hash: md5
      md5: 7c75e0b3fa02ba9af11a8aaa02370071
      size: 746
    - path: src/mlflow_run_id_fetch_helper.py
      hash: md5
      md5: 85a746bf40c1e58bea65a99e9533701a
      size: 177
    - path: src/preprocessing/data_preprocessing.py
      hash: md5
      md5: 9474cce5b7a845842a2fc7d5d8b846e9
      size: 3077
    outs:
    - path: data/processed
      hash: md5
      md5: 249551a60ad97c7db869c517e24fa813.dir
      size: 686113
      nfiles: 2
  feature_engineering:
    cmd: python -m src.features.feature_engineering
    deps:
    - path: data/processed
      hash: md5
      md5: 249551a60ad97c7db869c517e24fa813.dir
      size: 686113
      nfiles: 2
    - path: mlfow_run_id.txt
      hash: md5
      md5: 1efb5efd006650fa069dffc9e997163f
      size: 32
    - path: src/config.py
      hash: md5
      md5: 7c75e0b3fa02ba9af11a8aaa02370071
      size: 746
    - path: src/features/feature_engineering.py
      hash: md5
      md5: 23da1d277a37965fd7e6b804ba9a78a2
      size: 1896
    - path: src/mlflow_run_id_fetch_helper.py
      hash: md5
      md5: 85a746bf40c1e58bea65a99e9533701a
      size: 177
    outs:
    - path: data/interim
      hash: md5
      md5: f0a952cf48ab55f1d92311740ddd7dae.dir
      size: 1422003
      nfiles: 2
  model_building:
    cmd: python -m src.model.model_building
    deps:
    - path: data/interim
      hash: md5
      md5: f0a952cf48ab55f1d92311740ddd7dae.dir
      size: 1422003
      nfiles: 2
    - path: mlfow_run_id.txt
      hash: md5
      md5: 1efb5efd006650fa069dffc9e997163f
      size: 32
    - path: src/config.py
      hash: md5
      md5: 7c75e0b3fa02ba9af11a8aaa02370071
      size: 746
    - path: src/mlflow_run_id_fetch_helper.py
      hash: md5
      md5: 85a746bf40c1e58bea65a99e9533701a
      size: 177
    - path: src/model/model_building.py
      hash: md5
      md5: bf2261ceab23209ea4865919076a7dad
      size: 1496
    outs:
    - path: models
      hash: md5
      md5: bd0aaef89b7bfb060365fc0438a407c7.dir
      size: 20598
      nfiles: 1
  model_evaluation:
    cmd: python -m src.model.model_evaluation
    deps:
    - path: data/interim
      hash: md5
      md5: f0a952cf48ab55f1d92311740ddd7dae.dir
      size: 1422003
      nfiles: 2
    - path: mlfow_run_id.txt
      hash: md5
      md5: 1efb5efd006650fa069dffc9e997163f
      size: 32
    - path: models
      hash: md5
      md5: bd0aaef89b7bfb060365fc0438a407c7.dir
      size: 20598
      nfiles: 1
    - path: src/config.py
      hash: md5
      md5: 7c75e0b3fa02ba9af11a8aaa02370071
      size: 746
    - path: src/mlflow_run_id_fetch_helper.py
      hash: md5
      md5: 85a746bf40c1e58bea65a99e9533701a
      size: 177
    - path: src/model/model_evaluation.py
      hash: md5
      md5: 31be3008b7a29149777a1c7b0f2039ab
      size: 1568
    outs:
    - path: reports
      hash: md5
      md5: b58a8572668573477d2ddee74a86f23d.dir
      size: 141
      nfiles: 1
